<?xml version="1.0" encoding="utf-8"?>
<Project ToolsVersion="4.0" xmlns="http://schemas.microsoft.com/developer/msbuild/2003">
  <ItemGroup>
    <Filter Include="Исходные файлы">
      <UniqueIdentifier>{4FC737F1-C7A5-4376-A066-2A32D752A2FF}</UniqueIdentifier>
      <Extensions>cpp;c;cc;cxx;c++;cppm;ixx;def;odl;idl;hpj;bat;asm;asmx</Extensions>
    </Filter>
    <Filter Include="Файлы заголовков">
      <UniqueIdentifier>{93995380-89BD-4b04-88EB-625FBE52EBFB}</UniqueIdentifier>
      <Extensions>h;hh;hpp;hxx;h++;hm;inl;inc;ipp;xsd</Extensions>
    </Filter>
    <Filter Include="Файлы ресурсов">
      <UniqueIdentifier>{67DA6AB6-F800-4c08-8B7A-83BB121AAD01}</UniqueIdentifier>
      <Extensions>rc;ico;cur;bmp;dlg;rc2;rct;bin;rgs;gif;jpg;jpeg;jpe;resx;tiff;tif;png;wav;mfcribbon-ms</Extensions>
    </Filter>
    <Filter Include="Файлы заголовков\Weapon">
      <UniqueIdentifier>{fe517887-41a8-4562-8ba2-165d9bc1330d}</UniqueIdentifier>
    </Filter>
    <Filter Include="Файлы заголовков\Armor">
      <UniqueIdentifier>{9474d085-a226-4c0f-9b48-24c76cd02227}</UniqueIdentifier>
    </Filter>
    <Filter Include="Файлы заголовков\Gladiator">
      <UniqueIdentifier>{551b5b38-adc2-4efb-b45b-b764275ebd68}</UniqueIdentifier>
    </Filter>
    <Filter Include="Файлы заголовков\lodepng">
      <UniqueIdentifier>{c77cde7d-06a8-48e6-a608-f963ec1048be}</UniqueIdentifier>
    </Filter>
  </ItemGroup>
  <ItemGroup>
    <ClCompile Include="GladiatorsAndWeapons.cpp">
      <Filter>Исходные файлы</Filter>
    </ClCompile>
    <ClCompile Include="lodepng\lodepng.cpp">
      <Filter>Файлы заголовков\lodepng</Filter>
    </ClCompile>
    <ClCompile Include="PNGstConsoleIMage.cpp">
      <Filter>Исходные файлы</Filter>
    </ClCompile>
  </ItemGroup>
  <ItemGroup>
    <ClInclude Include="IGladiator.h">
      <Filter>Файлы заголовков</Filter>
    </ClInclude>
    <ClInclude Include="IWeapon.h">
      <Filter>Файлы заголовков</Filter>
    </ClInclude>
    <ClInclude Include="IArmor.h">
      <Filter>Файлы заголовков</Filter>
    </ClInclude>
    <ClInclude Include="Spear.h">
      <Filter>Файлы заголовков\Weapon</Filter>
    </ClInclude>
    <ClInclude Include="PairedSwords.h">
      <Filter>Файлы заголовков\Weapon</Filter>
    </ClInclude>
    <ClInclude Include="Bow.h">
      <Filter>Файлы заголовков\Weapon</Filter>
    </ClInclude>
    <ClInclude Include="HeavyGladiator.h">
      <Filter>Файлы заголовков\Gladiator</Filter>
    </ClInclude>
    <ClInclude Include="LightWeightGladiator.h">
      <Filter>Файлы заголовков\Gladiator</Filter>
    </ClInclude>
    <ClInclude Include="RegularGladiator.h">
      <Filter>Файлы заголовков\Gladiator</Filter>
    </ClInclude>
    <ClInclude Include="ChainMail.h">
      <Filter>Файлы заголовков\Armor</Filter>
    </ClInclude>
    <ClInclude Include="LeatherArmor.h">
      <Filter>Файлы заголовков\Armor</Filter>
    </ClInclude>
    <ClInclude Include="Lats.h">
      <Filter>Файлы заголовков\Armor</Filter>
    </ClInclude>
    <ClInclude Include="lodepng\lodepng.h">
      <Filter>Файлы заголовков\lodepng</Filter>
    </ClInclude>
    <ClInclude Include="PNGstConsoleIMage.h">
      <Filter>Файлы заголовков</Filter>
    </ClInclude>
    <ClInclude Include="Animations.h">
      <Filter>Файлы заголовков</Filter>
    </ClInclude>
  </ItemGroup>
</Project>